
Microsoft Visual Studio Solution File, Format Version 12.00
# Visual Studio Version 16
VisualStudioVersion = 16.0.29806.167
MinimumVisualStudioVersion = 10.0.40219.1
Project("{8BC9CEB8-8B4A-11D0-8D11-00A0C91BC942}") = "1.0 - Hello world", "1 - Hello world\1 - Hello world.vcxproj", "{033CCA74-962F-4CC2-B7F4-AD749E6A9ED6}"
EndProject
Project("{8BC9CEB8-8B4A-11D0-8D11-00A0C91BC942}") = "1.4 - 十個整數的相加", "3 - 十個整數的相加\3 - 十個整數的相加.vcxproj", "{0F205F9E-5806-48F5-BC92-F33FA2A5EA43}"
EndProject
Project("{8BC9CEB8-8B4A-11D0-8D11-00A0C91BC942}") = "1.9 - 強大計算器", "4 - 強大計算器\4 - 強大計算器.vcxproj", "{C2C92EE5-4E8B-4FBA-89E8-DAD2A3880736}"
EndProject
Project("{8BC9CEB8-8B4A-11D0-8D11-00A0C91BC942}") = "1.5 - 求三个数的最大值", "三个数找最大值\三个数找最大值.vcxproj", "{2C5DE11F-B74A-440B-A4F4-FD75ED7D11B4}"
EndProject
Project("{8BC9CEB8-8B4A-11D0-8D11-00A0C91BC942}") = "1.6 - 两个数的交换", "两个数的交换\两个数的交换.vcxproj", "{E47B3B05-0014-464A-9BBF-76222DCE560F}"
EndProject
Project("{8BC9CEB8-8B4A-11D0-8D11-00A0C91BC942}") = "1.7 - 三个整数绝对值的平均值", "6 - 三个整数绝对值的平均值\6 - 三个整数绝对值的平均值.vcxproj", "{57F584D4-FB8D-432E-9640-789856FA1535}"
EndProject
Project("{8BC9CEB8-8B4A-11D0-8D11-00A0C91BC942}") = "1.8 - 十个整数求最小值", "8 - 十个整数求最小值\8 - 十个整数求最小值.vcxproj", "{BAF06F7F-12B3-4460-B6A4-56695420B64F}"
EndProject
Project("{8BC9CEB8-8B4A-11D0-8D11-00A0C91BC942}") = "2.6 - 數值的交換", "9 - 數值的交換\9 - 數值的交換.vcxproj", "{16FFDA92-3F3D-422A-8F93-545F34B23FEE}"
EndProject
Project("{8BC9CEB8-8B4A-11D0-8D11-00A0C91BC942}") = "2.0 - 字节", "10 -\10 -.vcxproj", "{E94BB49A-56C6-4CE1-8F66-15C92CD7D490}"
EndProject
Project("{8BC9CEB8-8B4A-11D0-8D11-00A0C91BC942}") = "2.1 - 取值范围", "11 - 取值范围\11 - 取值范围.vcxproj", "{25BB02DD-CE13-4763-8159-586B2BEFE254}"
EndProject
Project("{8BC9CEB8-8B4A-11D0-8D11-00A0C91BC942}") = "2.2 - 圆的面积和周长", "2.4 - 圆的面积和周长\2.4 - 圆的面积和周长.vcxproj", "{B685A50F-DEA1-47FE-A2CE-43BD675664D3}"
EndProject
Project("{8BC9CEB8-8B4A-11D0-8D11-00A0C91BC942}") = "2.3 - 大小写转换", "2.5 - 大小写转换\2.5 - 大小写转换.vcxproj", "{029C49B7-E827-4932-AF2E-0297F3011018}"
EndProject
Project("{8BC9CEB8-8B4A-11D0-8D11-00A0C91BC942}") = "2.4 - 逆序求數", "2.5 - 逆序求數\2.5 - 逆序求數.vcxproj", "{4A6E1655-1B80-4703-B6F1-9687C3611489}"
EndProject
Project("{8BC9CEB8-8B4A-11D0-8D11-00A0C91BC942}") = "2.5 - 三角形面积", "2.6 - 三角形面积\2.6 - 三角形面积.vcxproj", "{13C911D8-EBC0-411E-B678-57D5339629C5}"
EndProject
Project("{8BC9CEB8-8B4A-11D0-8D11-00A0C91BC942}") = "2.9 - 求一元二次方程的根", "2.8 - 求一元二次方程的根\2.8 - 求一元二次方程的根.vcxproj", "{DD51CE59-2E62-4AAF-BC19-3C1BC253F9A7}"
EndProject
Project("{8BC9CEB8-8B4A-11D0-8D11-00A0C91BC942}") = "3.0 - 贷款月份计算", "2.8 - 贷款月份计算\2.8 - 贷款月份计算.vcxproj", "{77CE93E9-E566-4C1A-B00B-6998704C6C39}"
EndProject
Project("{8BC9CEB8-8B4A-11D0-8D11-00A0C91BC942}") = "3.6- 密码翻译", "3.0 - 密码翻译\3.0 - 密码翻译.vcxproj", "{BB5751F3-3333-4411-8078-A43CE354EF2A}"
EndProject
Project("{8BC9CEB8-8B4A-11D0-8D11-00A0C91BC942}") = "3.1 - 中美日期转换", "3.1 - 中美日期转换\3.1 - 中美日期转换.vcxproj", "{2E726E1A-D938-4361-9FE9-5616648A4707}"
EndProject
Project("{8BC9CEB8-8B4A-11D0-8D11-00A0C91BC942}") = "3.2 - 大小寫轉換", "3.2.c\3.2.c.vcxproj", "{CFCCC0BC-10A2-44B4-A1C4-729413A3012B}"
EndProject
Project("{8BC9CEB8-8B4A-11D0-8D11-00A0C91BC942}") = "3.3 - a b c", "3.3 - a b c\3.3 - a b c.vcxproj", "{FECA9821-A80D-4227-A927-76CEA848C5A5}"
EndProject
Project("{8BC9CEB8-8B4A-11D0-8D11-00A0C91BC942}") = "3.4 - 圆的正内接六边形面积", "3.4 - 圆的正内接六边形面积\3.4 - 圆的正内接六边形面积.vcxproj", "{5EE820C6-0403-4D71-B1B0-66D4280824AC}"
EndProject
Project("{8BC9CEB8-8B4A-11D0-8D11-00A0C91BC942}") = "3.5 - 温度单位转换", "3.5 - 温度单位转换\3.5 - 温度单位转换.vcxproj", "{1C26C253-23FF-419D-AA20-F870AE2CB5B7}"
EndProject
Project("{8BC9CEB8-8B4A-11D0-8D11-00A0C91BC942}") = "1.1 - 小紅旗", "1.2 - 小紅旗\1.2 - 小紅旗.vcxproj", "{3148EDD5-C711-41DA-B992-FBDE9E94A19D}"
EndProject
Project("{8BC9CEB8-8B4A-11D0-8D11-00A0C91BC942}") = "Project1", "Project1\Project1.vcxproj", "{7E8C840D-E13F-46FF-A2C4-D04A005A83A9}"
EndProject
Project("{8BC9CEB8-8B4A-11D0-8D11-00A0C91BC942}") = "3.7 - 格式符", "3.7 - 格式符\3.7 - 格式符.vcxproj", "{595BF77A-28C6-4087-8FB0-55414B0907D6}"
EndProject
Project("{8BC9CEB8-8B4A-11D0-8D11-00A0C91BC942}") = "3.8 - 字符交换", "3.8 - 字符交换\3.8 - 字符交换.vcxproj", "{9938E65F-C0DA-4B53-BD9B-28098786AAF8}"
EndProject
Project("{8BC9CEB8-8B4A-11D0-8D11-00A0C91BC942}") = "3.9 - 練習", "3.9 - 練習\3.9 - 練習.vcxproj", "{C3573D2B-9028-485E-9A82-3B6ECFA38D92}"
EndProject
Project("{8BC9CEB8-8B4A-11D0-8D11-00A0C91BC942}") = "4.0 - 百分制成绩", "4.0 - 百分制成绩\4.0 - 百分制成绩.vcxproj", "{61B04DE4-B807-43BB-9012-94E6282708D1}"
EndProject
Project("{8BC9CEB8-8B4A-11D0-8D11-00A0C91BC942}") = "4.1 - 分段函数", "4.1 - 分段函数\4.1 - 分段函数.vcxproj", "{2AA26D2B-A223-4C71-A180-B292309BB094}"
EndProject
Global
	GlobalSection(SolutionConfigurationPlatforms) = preSolution
		Debug|x64 = Debug|x64
		Debug|x86 = Debug|x86
		Release|x64 = Release|x64
		Release|x86 = Release|x86
	EndGlobalSection
	GlobalSection(ProjectConfigurationPlatforms) = postSolution
		{033CCA74-962F-4CC2-B7F4-AD749E6A9ED6}.Debug|x64.ActiveCfg = Debug|x64
		{033CCA74-962F-4CC2-B7F4-AD749E6A9ED6}.Debug|x64.Build.0 = Debug|x64
		{033CCA74-962F-4CC2-B7F4-AD749E6A9ED6}.Debug|x86.ActiveCfg = Debug|Win32
		{033CCA74-962F-4CC2-B7F4-AD749E6A9ED6}.Debug|x86.Build.0 = Debug|Win32
		{033CCA74-962F-4CC2-B7F4-AD749E6A9ED6}.Release|x64.ActiveCfg = Release|x64
		{033CCA74-962F-4CC2-B7F4-AD749E6A9ED6}.Release|x64.Build.0 = Release|x64
		{033CCA74-962F-4CC2-B7F4-AD749E6A9ED6}.Release|x86.ActiveCfg = Release|Win32
		{033CCA74-962F-4CC2-B7F4-AD749E6A9ED6}.Release|x86.Build.0 = Release|Win32
		{0F205F9E-5806-48F5-BC92-F33FA2A5EA43}.Debug|x64.ActiveCfg = Debug|x64
		{0F205F9E-5806-48F5-BC92-F33FA2A5EA43}.Debug|x64.Build.0 = Debug|x64
		{0F205F9E-5806-48F5-BC92-F33FA2A5EA43}.Debug|x86.ActiveCfg = Debug|Win32
		{0F205F9E-5806-48F5-BC92-F33FA2A5EA43}.Debug|x86.Build.0 = Debug|Win32
		{0F205F9E-5806-48F5-BC92-F33FA2A5EA43}.Release|x64.ActiveCfg = Release|x64
		{0F205F9E-5806-48F5-BC92-F33FA2A5EA43}.Release|x64.Build.0 = Release|x64
		{0F205F9E-5806-48F5-BC92-F33FA2A5EA43}.Release|x86.ActiveCfg = Release|Win32
		{0F205F9E-5806-48F5-BC92-F33FA2A5EA43}.Release|x86.Build.0 = Release|Win32
		{C2C92EE5-4E8B-4FBA-89E8-DAD2A3880736}.Debug|x64.ActiveCfg = Debug|x64
		{C2C92EE5-4E8B-4FBA-89E8-DAD2A3880736}.Debug|x64.Build.0 = Debug|x64
		{C2C92EE5-4E8B-4FBA-89E8-DAD2A3880736}.Debug|x86.ActiveCfg = Debug|Win32
		{C2C92EE5-4E8B-4FBA-89E8-DAD2A3880736}.Debug|x86.Build.0 = Debug|Win32
		{C2C92EE5-4E8B-4FBA-89E8-DAD2A3880736}.Release|x64.ActiveCfg = Release|x64
		{C2C92EE5-4E8B-4FBA-89E8-DAD2A3880736}.Release|x64.Build.0 = Release|x64
		{C2C92EE5-4E8B-4FBA-89E8-DAD2A3880736}.Release|x86.ActiveCfg = Release|Win32
		{C2C92EE5-4E8B-4FBA-89E8-DAD2A3880736}.Release|x86.Build.0 = Release|Win32
		{2C5DE11F-B74A-440B-A4F4-FD75ED7D11B4}.Debug|x64.ActiveCfg = Debug|x64
		{2C5DE11F-B74A-440B-A4F4-FD75ED7D11B4}.Debug|x64.Build.0 = Debug|x64
		{2C5DE11F-B74A-440B-A4F4-FD75ED7D11B4}.Debug|x86.ActiveCfg = Debug|Win32
		{2C5DE11F-B74A-440B-A4F4-FD75ED7D11B4}.Debug|x86.Build.0 = Debug|Win32
		{2C5DE11F-B74A-440B-A4F4-FD75ED7D11B4}.Release|x64.ActiveCfg = Release|x64
		{2C5DE11F-B74A-440B-A4F4-FD75ED7D11B4}.Release|x64.Build.0 = Release|x64
		{2C5DE11F-B74A-440B-A4F4-FD75ED7D11B4}.Release|x86.ActiveCfg = Release|Win32
		{2C5DE11F-B74A-440B-A4F4-FD75ED7D11B4}.Release|x86.Build.0 = Release|Win32
		{E47B3B05-0014-464A-9BBF-76222DCE560F}.Debug|x64.ActiveCfg = Debug|x64
		{E47B3B05-0014-464A-9BBF-76222DCE560F}.Debug|x64.Build.0 = Debug|x64
		{E47B3B05-0014-464A-9BBF-76222DCE560F}.Debug|x86.ActiveCfg = Debug|Win32
		{E47B3B05-0014-464A-9BBF-76222DCE560F}.Debug|x86.Build.0 = Debug|Win32
		{E47B3B05-0014-464A-9BBF-76222DCE560F}.Release|x64.ActiveCfg = Release|x64
		{E47B3B05-0014-464A-9BBF-76222DCE560F}.Release|x64.Build.0 = Release|x64
		{E47B3B05-0014-464A-9BBF-76222DCE560F}.Release|x86.ActiveCfg = Release|Win32
		{E47B3B05-0014-464A-9BBF-76222DCE560F}.Release|x86.Build.0 = Release|Win32
		{57F584D4-FB8D-432E-9640-789856FA1535}.Debug|x64.ActiveCfg = Debug|x64
		{57F584D4-FB8D-432E-9640-789856FA1535}.Debug|x64.Build.0 = Debug|x64
		{57F584D4-FB8D-432E-9640-789856FA1535}.Debug|x86.ActiveCfg = Debug|Win32
		{57F584D4-FB8D-432E-9640-789856FA1535}.Debug|x86.Build.0 = Debug|Win32
		{57F584D4-FB8D-432E-9640-789856FA1535}.Release|x64.ActiveCfg = Release|x64
		{57F584D4-FB8D-432E-9640-789856FA1535}.Release|x64.Build.0 = Release|x64
		{57F584D4-FB8D-432E-9640-789856FA1535}.Release|x86.ActiveCfg = Release|Win32
		{57F584D4-FB8D-432E-9640-789856FA1535}.Release|x86.Build.0 = Release|Win32
		{BAF06F7F-12B3-4460-B6A4-56695420B64F}.Debug|x64.ActiveCfg = Debug|x64
		{BAF06F7F-12B3-4460-B6A4-56695420B64F}.Debug|x64.Build.0 = Debug|x64
		{BAF06F7F-12B3-4460-B6A4-56695420B64F}.Debug|x86.ActiveCfg = Debug|Win32
		{BAF06F7F-12B3-4460-B6A4-56695420B64F}.Debug|x86.Build.0 = Debug|Win32
		{BAF06F7F-12B3-4460-B6A4-56695420B64F}.Release|x64.ActiveCfg = Release|x64
		{BAF06F7F-12B3-4460-B6A4-56695420B64F}.Release|x64.Build.0 = Release|x64
		{BAF06F7F-12B3-4460-B6A4-56695420B64F}.Release|x86.ActiveCfg = Release|Win32
		{BAF06F7F-12B3-4460-B6A4-56695420B64F}.Release|x86.Build.0 = Release|Win32
		{16FFDA92-3F3D-422A-8F93-545F34B23FEE}.Debug|x64.ActiveCfg = Debug|x64
		{16FFDA92-3F3D-422A-8F93-545F34B23FEE}.Debug|x64.Build.0 = Debug|x64
		{16FFDA92-3F3D-422A-8F93-545F34B23FEE}.Debug|x86.ActiveCfg = Debug|Win32
		{16FFDA92-3F3D-422A-8F93-545F34B23FEE}.Debug|x86.Build.0 = Debug|Win32
		{16FFDA92-3F3D-422A-8F93-545F34B23FEE}.Release|x64.ActiveCfg = Release|x64
		{16FFDA92-3F3D-422A-8F93-545F34B23FEE}.Release|x64.Build.0 = Release|x64
		{16FFDA92-3F3D-422A-8F93-545F34B23FEE}.Release|x86.ActiveCfg = Release|Win32
		{16FFDA92-3F3D-422A-8F93-545F34B23FEE}.Release|x86.Build.0 = Release|Win32
		{E94BB49A-56C6-4CE1-8F66-15C92CD7D490}.Debug|x64.ActiveCfg = Debug|x64
		{E94BB49A-56C6-4CE1-8F66-15C92CD7D490}.Debug|x64.Build.0 = Debug|x64
		{E94BB49A-56C6-4CE1-8F66-15C92CD7D490}.Debug|x86.ActiveCfg = Debug|Win32
		{E94BB49A-56C6-4CE1-8F66-15C92CD7D490}.Debug|x86.Build.0 = Debug|Win32
		{E94BB49A-56C6-4CE1-8F66-15C92CD7D490}.Release|x64.ActiveCfg = Release|x64
		{E94BB49A-56C6-4CE1-8F66-15C92CD7D490}.Release|x64.Build.0 = Release|x64
		{E94BB49A-56C6-4CE1-8F66-15C92CD7D490}.Release|x86.ActiveCfg = Release|Win32
		{E94BB49A-56C6-4CE1-8F66-15C92CD7D490}.Release|x86.Build.0 = Release|Win32
		{25BB02DD-CE13-4763-8159-586B2BEFE254}.Debug|x64.ActiveCfg = Debug|x64
		{25BB02DD-CE13-4763-8159-586B2BEFE254}.Debug|x64.Build.0 = Debug|x64
		{25BB02DD-CE13-4763-8159-586B2BEFE254}.Debug|x86.ActiveCfg = Debug|Win32
		{25BB02DD-CE13-4763-8159-586B2BEFE254}.Debug|x86.Build.0 = Debug|Win32
		{25BB02DD-CE13-4763-8159-586B2BEFE254}.Release|x64.ActiveCfg = Release|x64
		{25BB02DD-CE13-4763-8159-586B2BEFE254}.Release|x64.Build.0 = Release|x64
		{25BB02DD-CE13-4763-8159-586B2BEFE254}.Release|x86.ActiveCfg = Release|Win32
		{25BB02DD-CE13-4763-8159-586B2BEFE254}.Release|x86.Build.0 = Release|Win32
		{B685A50F-DEA1-47FE-A2CE-43BD675664D3}.Debug|x64.ActiveCfg = Debug|x64
		{B685A50F-DEA1-47FE-A2CE-43BD675664D3}.Debug|x64.Build.0 = Debug|x64
		{B685A50F-DEA1-47FE-A2CE-43BD675664D3}.Debug|x86.ActiveCfg = Debug|Win32
		{B685A50F-DEA1-47FE-A2CE-43BD675664D3}.Debug|x86.Build.0 = Debug|Win32
		{B685A50F-DEA1-47FE-A2CE-43BD675664D3}.Release|x64.ActiveCfg = Release|x64
		{B685A50F-DEA1-47FE-A2CE-43BD675664D3}.Release|x64.Build.0 = Release|x64
		{B685A50F-DEA1-47FE-A2CE-43BD675664D3}.Release|x86.ActiveCfg = Release|Win32
		{B685A50F-DEA1-47FE-A2CE-43BD675664D3}.Release|x86.Build.0 = Release|Win32
		{029C49B7-E827-4932-AF2E-0297F3011018}.Debug|x64.ActiveCfg = Debug|x64
		{029C49B7-E827-4932-AF2E-0297F3011018}.Debug|x64.Build.0 = Debug|x64
		{029C49B7-E827-4932-AF2E-0297F3011018}.Debug|x86.ActiveCfg = Debug|Win32
		{029C49B7-E827-4932-AF2E-0297F3011018}.Debug|x86.Build.0 = Debug|Win32
		{029C49B7-E827-4932-AF2E-0297F3011018}.Release|x64.ActiveCfg = Release|x64
		{029C49B7-E827-4932-AF2E-0297F3011018}.Release|x64.Build.0 = Release|x64
		{029C49B7-E827-4932-AF2E-0297F3011018}.Release|x86.ActiveCfg = Release|Win32
		{029C49B7-E827-4932-AF2E-0297F3011018}.Release|x86.Build.0 = Release|Win32
		{4A6E1655-1B80-4703-B6F1-9687C3611489}.Debug|x64.ActiveCfg = Debug|x64
		{4A6E1655-1B80-4703-B6F1-9687C3611489}.Debug|x64.Build.0 = Debug|x64
		{4A6E1655-1B80-4703-B6F1-9687C3611489}.Debug|x86.ActiveCfg = Debug|Win32
		{4A6E1655-1B80-4703-B6F1-9687C3611489}.Debug|x86.Build.0 = Debug|Win32
		{4A6E1655-1B80-4703-B6F1-9687C3611489}.Release|x64.ActiveCfg = Release|x64
		{4A6E1655-1B80-4703-B6F1-9687C3611489}.Release|x64.Build.0 = Release|x64
		{4A6E1655-1B80-4703-B6F1-9687C3611489}.Release|x86.ActiveCfg = Release|Win32
		{4A6E1655-1B80-4703-B6F1-9687C3611489}.Release|x86.Build.0 = Release|Win32
		{13C911D8-EBC0-411E-B678-57D5339629C5}.Debug|x64.ActiveCfg = Debug|x64
		{13C911D8-EBC0-411E-B678-57D5339629C5}.Debug|x64.Build.0 = Debug|x64
		{13C911D8-EBC0-411E-B678-57D5339629C5}.Debug|x86.ActiveCfg = Debug|Win32
		{13C911D8-EBC0-411E-B678-57D5339629C5}.Debug|x86.Build.0 = Debug|Win32
		{13C911D8-EBC0-411E-B678-57D5339629C5}.Release|x64.ActiveCfg = Release|x64
		{13C911D8-EBC0-411E-B678-57D5339629C5}.Release|x64.Build.0 = Release|x64
		{13C911D8-EBC0-411E-B678-57D5339629C5}.Release|x86.ActiveCfg = Release|Win32
		{13C911D8-EBC0-411E-B678-57D5339629C5}.Release|x86.Build.0 = Release|Win32
		{DD51CE59-2E62-4AAF-BC19-3C1BC253F9A7}.Debug|x64.ActiveCfg = Debug|x64
		{DD51CE59-2E62-4AAF-BC19-3C1BC253F9A7}.Debug|x64.Build.0 = Debug|x64
		{DD51CE59-2E62-4AAF-BC19-3C1BC253F9A7}.Debug|x86.ActiveCfg = Debug|Win32
		{DD51CE59-2E62-4AAF-BC19-3C1BC253F9A7}.Debug|x86.Build.0 = Debug|Win32
		{DD51CE59-2E62-4AAF-BC19-3C1BC253F9A7}.Release|x64.ActiveCfg = Release|x64
		{DD51CE59-2E62-4AAF-BC19-3C1BC253F9A7}.Release|x64.Build.0 = Release|x64
		{DD51CE59-2E62-4AAF-BC19-3C1BC253F9A7}.Release|x86.ActiveCfg = Release|Win32
		{DD51CE59-2E62-4AAF-BC19-3C1BC253F9A7}.Release|x86.Build.0 = Release|Win32
		{77CE93E9-E566-4C1A-B00B-6998704C6C39}.Debug|x64.ActiveCfg = Debug|x64
		{77CE93E9-E566-4C1A-B00B-6998704C6C39}.Debug|x64.Build.0 = Debug|x64
		{77CE93E9-E566-4C1A-B00B-6998704C6C39}.Debug|x86.ActiveCfg = Debug|Win32
		{77CE93E9-E566-4C1A-B00B-6998704C6C39}.Debug|x86.Build.0 = Debug|Win32
		{77CE93E9-E566-4C1A-B00B-6998704C6C39}.Release|x64.ActiveCfg = Release|x64
		{77CE93E9-E566-4C1A-B00B-6998704C6C39}.Release|x64.Build.0 = Release|x64
		{77CE93E9-E566-4C1A-B00B-6998704C6C39}.Release|x86.ActiveCfg = Release|Win32
		{77CE93E9-E566-4C1A-B00B-6998704C6C39}.Release|x86.Build.0 = Release|Win32
		{BB5751F3-3333-4411-8078-A43CE354EF2A}.Debug|x64.ActiveCfg = Debug|x64
		{BB5751F3-3333-4411-8078-A43CE354EF2A}.Debug|x64.Build.0 = Debug|x64
		{BB5751F3-3333-4411-8078-A43CE354EF2A}.Debug|x86.ActiveCfg = Debug|Win32
		{BB5751F3-3333-4411-8078-A43CE354EF2A}.Debug|x86.Build.0 = Debug|Win32
		{BB5751F3-3333-4411-8078-A43CE354EF2A}.Release|x64.ActiveCfg = Release|x64
		{BB5751F3-3333-4411-8078-A43CE354EF2A}.Release|x64.Build.0 = Release|x64
		{BB5751F3-3333-4411-8078-A43CE354EF2A}.Release|x86.ActiveCfg = Release|Win32
		{BB5751F3-3333-4411-8078-A43CE354EF2A}.Release|x86.Build.0 = Release|Win32
		{2E726E1A-D938-4361-9FE9-5616648A4707}.Debug|x64.ActiveCfg = Debug|x64
		{2E726E1A-D938-4361-9FE9-5616648A4707}.Debug|x64.Build.0 = Debug|x64
		{2E726E1A-D938-4361-9FE9-5616648A4707}.Debug|x86.ActiveCfg = Debug|Win32
		{2E726E1A-D938-4361-9FE9-5616648A4707}.Debug|x86.Build.0 = Debug|Win32
		{2E726E1A-D938-4361-9FE9-5616648A4707}.Release|x64.ActiveCfg = Release|x64
		{2E726E1A-D938-4361-9FE9-5616648A4707}.Release|x64.Build.0 = Release|x64
		{2E726E1A-D938-4361-9FE9-5616648A4707}.Release|x86.ActiveCfg = Release|Win32
		{2E726E1A-D938-4361-9FE9-5616648A4707}.Release|x86.Build.0 = Release|Win32
		{CFCCC0BC-10A2-44B4-A1C4-729413A3012B}.Debug|x64.ActiveCfg = Debug|x64
		{CFCCC0BC-10A2-44B4-A1C4-729413A3012B}.Debug|x64.Build.0 = Debug|x64
		{CFCCC0BC-10A2-44B4-A1C4-729413A3012B}.Debug|x86.ActiveCfg = Debug|Win32
		{CFCCC0BC-10A2-44B4-A1C4-729413A3012B}.Debug|x86.Build.0 = Debug|Win32
		{CFCCC0BC-10A2-44B4-A1C4-729413A3012B}.Release|x64.ActiveCfg = Release|x64
		{CFCCC0BC-10A2-44B4-A1C4-729413A3012B}.Release|x64.Build.0 = Release|x64
		{CFCCC0BC-10A2-44B4-A1C4-729413A3012B}.Release|x86.ActiveCfg = Release|Win32
		{CFCCC0BC-10A2-44B4-A1C4-729413A3012B}.Release|x86.Build.0 = Release|Win32
		{FECA9821-A80D-4227-A927-76CEA848C5A5}.Debug|x64.ActiveCfg = Debug|x64
		{FECA9821-A80D-4227-A927-76CEA848C5A5}.Debug|x64.Build.0 = Debug|x64
		{FECA9821-A80D-4227-A927-76CEA848C5A5}.Debug|x86.ActiveCfg = Debug|Win32
		{FECA9821-A80D-4227-A927-76CEA848C5A5}.Debug|x86.Build.0 = Debug|Win32
		{FECA9821-A80D-4227-A927-76CEA848C5A5}.Release|x64.ActiveCfg = Release|x64
		{FECA9821-A80D-4227-A927-76CEA848C5A5}.Release|x64.Build.0 = Release|x64
		{FECA9821-A80D-4227-A927-76CEA848C5A5}.Release|x86.ActiveCfg = Release|Win32
		{FECA9821-A80D-4227-A927-76CEA848C5A5}.Release|x86.Build.0 = Release|Win32
		{5EE820C6-0403-4D71-B1B0-66D4280824AC}.Debug|x64.ActiveCfg = Debug|x64
		{5EE820C6-0403-4D71-B1B0-66D4280824AC}.Debug|x64.Build.0 = Debug|x64
		{5EE820C6-0403-4D71-B1B0-66D4280824AC}.Debug|x86.ActiveCfg = Debug|Win32
		{5EE820C6-0403-4D71-B1B0-66D4280824AC}.Debug|x86.Build.0 = Debug|Win32
		{5EE820C6-0403-4D71-B1B0-66D4280824AC}.Release|x64.ActiveCfg = Release|x64
		{5EE820C6-0403-4D71-B1B0-66D4280824AC}.Release|x64.Build.0 = Release|x64
		{5EE820C6-0403-4D71-B1B0-66D4280824AC}.Release|x86.ActiveCfg = Release|Win32
		{5EE820C6-0403-4D71-B1B0-66D4280824AC}.Release|x86.Build.0 = Release|Win32
		{1C26C253-23FF-419D-AA20-F870AE2CB5B7}.Debug|x64.ActiveCfg = Debug|x64
		{1C26C253-23FF-419D-AA20-F870AE2CB5B7}.Debug|x64.Build.0 = Debug|x64
		{1C26C253-23FF-419D-AA20-F870AE2CB5B7}.Debug|x86.ActiveCfg = Debug|Win32
		{1C26C253-23FF-419D-AA20-F870AE2CB5B7}.Debug|x86.Build.0 = Debug|Win32
		{1C26C253-23FF-419D-AA20-F870AE2CB5B7}.Release|x64.ActiveCfg = Release|x64
		{1C26C253-23FF-419D-AA20-F870AE2CB5B7}.Release|x64.Build.0 = Release|x64
		{1C26C253-23FF-419D-AA20-F870AE2CB5B7}.Release|x86.ActiveCfg = Release|Win32
		{1C26C253-23FF-419D-AA20-F870AE2CB5B7}.Release|x86.Build.0 = Release|Win32
		{3148EDD5-C711-41DA-B992-FBDE9E94A19D}.Debug|x64.ActiveCfg = Debug|x64
		{3148EDD5-C711-41DA-B992-FBDE9E94A19D}.Debug|x64.Build.0 = Debug|x64
		{3148EDD5-C711-41DA-B992-FBDE9E94A19D}.Debug|x86.ActiveCfg = Debug|Win32
		{3148EDD5-C711-41DA-B992-FBDE9E94A19D}.Debug|x86.Build.0 = Debug|Win32
		{3148EDD5-C711-41DA-B992-FBDE9E94A19D}.Release|x64.ActiveCfg = Release|x64
		{3148EDD5-C711-41DA-B992-FBDE9E94A19D}.Release|x64.Build.0 = Release|x64
		{3148EDD5-C711-41DA-B992-FBDE9E94A19D}.Release|x86.ActiveCfg = Release|Win32
		{3148EDD5-C711-41DA-B992-FBDE9E94A19D}.Release|x86.Build.0 = Release|Win32
		{7E8C840D-E13F-46FF-A2C4-D04A005A83A9}.Debug|x64.ActiveCfg = Debug|x64
		{7E8C840D-E13F-46FF-A2C4-D04A005A83A9}.Debug|x64.Build.0 = Debug|x64
		{7E8C840D-E13F-46FF-A2C4-D04A005A83A9}.Debug|x86.ActiveCfg = Debug|Win32
		{7E8C840D-E13F-46FF-A2C4-D04A005A83A9}.Debug|x86.Build.0 = Debug|Win32
		{7E8C840D-E13F-46FF-A2C4-D04A005A83A9}.Release|x64.ActiveCfg = Release|x64
		{7E8C840D-E13F-46FF-A2C4-D04A005A83A9}.Release|x64.Build.0 = Release|x64
		{7E8C840D-E13F-46FF-A2C4-D04A005A83A9}.Release|x86.ActiveCfg = Release|Win32
		{7E8C840D-E13F-46FF-A2C4-D04A005A83A9}.Release|x86.Build.0 = Release|Win32
		{595BF77A-28C6-4087-8FB0-55414B0907D6}.Debug|x64.ActiveCfg = Debug|x64
		{595BF77A-28C6-4087-8FB0-55414B0907D6}.Debug|x64.Build.0 = Debug|x64
		{595BF77A-28C6-4087-8FB0-55414B0907D6}.Debug|x86.ActiveCfg = Debug|Win32
		{595BF77A-28C6-4087-8FB0-55414B0907D6}.Debug|x86.Build.0 = Debug|Win32
		{595BF77A-28C6-4087-8FB0-55414B0907D6}.Release|x64.ActiveCfg = Release|x64
		{595BF77A-28C6-4087-8FB0-55414B0907D6}.Release|x64.Build.0 = Release|x64
		{595BF77A-28C6-4087-8FB0-55414B0907D6}.Release|x86.ActiveCfg = Release|Win32
		{595BF77A-28C6-4087-8FB0-55414B0907D6}.Release|x86.Build.0 = Release|Win32
		{9938E65F-C0DA-4B53-BD9B-28098786AAF8}.Debug|x64.ActiveCfg = Debug|x64
		{9938E65F-C0DA-4B53-BD9B-28098786AAF8}.Debug|x64.Build.0 = Debug|x64
		{9938E65F-C0DA-4B53-BD9B-28098786AAF8}.Debug|x86.ActiveCfg = Debug|Win32
		{9938E65F-C0DA-4B53-BD9B-28098786AAF8}.Debug|x86.Build.0 = Debug|Win32
		{9938E65F-C0DA-4B53-BD9B-28098786AAF8}.Release|x64.ActiveCfg = Release|x64
		{9938E65F-C0DA-4B53-BD9B-28098786AAF8}.Release|x64.Build.0 = Release|x64
		{9938E65F-C0DA-4B53-BD9B-28098786AAF8}.Release|x86.ActiveCfg = Release|Win32
		{9938E65F-C0DA-4B53-BD9B-28098786AAF8}.Release|x86.Build.0 = Release|Win32
		{C3573D2B-9028-485E-9A82-3B6ECFA38D92}.Debug|x64.ActiveCfg = Debug|x64
		{C3573D2B-9028-485E-9A82-3B6ECFA38D92}.Debug|x64.Build.0 = Debug|x64
		{C3573D2B-9028-485E-9A82-3B6ECFA38D92}.Debug|x86.ActiveCfg = Debug|Win32
		{C3573D2B-9028-485E-9A82-3B6ECFA38D92}.Debug|x86.Build.0 = Debug|Win32
		{C3573D2B-9028-485E-9A82-3B6ECFA38D92}.Release|x64.ActiveCfg = Release|x64
		{C3573D2B-9028-485E-9A82-3B6ECFA38D92}.Release|x64.Build.0 = Release|x64
		{C3573D2B-9028-485E-9A82-3B6ECFA38D92}.Release|x86.ActiveCfg = Release|Win32
		{C3573D2B-9028-485E-9A82-3B6ECFA38D92}.Release|x86.Build.0 = Release|Win32
		{61B04DE4-B807-43BB-9012-94E6282708D1}.Debug|x64.ActiveCfg = Debug|x64
		{61B04DE4-B807-43BB-9012-94E6282708D1}.Debug|x64.Build.0 = Debug|x64
		{61B04DE4-B807-43BB-9012-94E6282708D1}.Debug|x86.ActiveCfg = Debug|Win32
		{61B04DE4-B807-43BB-9012-94E6282708D1}.Debug|x86.Build.0 = Debug|Win32
		{61B04DE4-B807-43BB-9012-94E6282708D1}.Release|x64.ActiveCfg = Release|x64
		{61B04DE4-B807-43BB-9012-94E6282708D1}.Release|x64.Build.0 = Release|x64
		{61B04DE4-B807-43BB-9012-94E6282708D1}.Release|x86.ActiveCfg = Release|Win32
		{61B04DE4-B807-43BB-9012-94E6282708D1}.Release|x86.Build.0 = Release|Win32
		{2AA26D2B-A223-4C71-A180-B292309BB094}.Debug|x64.ActiveCfg = Debug|x64
		{2AA26D2B-A223-4C71-A180-B292309BB094}.Debug|x64.Build.0 = Debug|x64
		{2AA26D2B-A223-4C71-A180-B292309BB094}.Debug|x86.ActiveCfg = Debug|Win32
		{2AA26D2B-A223-4C71-A180-B292309BB094}.Debug|x86.Build.0 = Debug|Win32
		{2AA26D2B-A223-4C71-A180-B292309BB094}.Release|x64.ActiveCfg = Release|x64
		{2AA26D2B-A223-4C71-A180-B292309BB094}.Release|x64.Build.0 = Release|x64
		{2AA26D2B-A223-4C71-A180-B292309BB094}.Release|x86.ActiveCfg = Release|Win32
		{2AA26D2B-A223-4C71-A180-B292309BB094}.Release|x86.Build.0 = Release|Win32
	EndGlobalSection
	GlobalSection(SolutionProperties) = preSolution
		HideSolutionNode = FALSE
	EndGlobalSection
	GlobalSection(ExtensibilityGlobals) = postSolution
		SolutionGuid = {628F838D-BE02-4207-98F5-C388E7409681}
	EndGlobalSection
EndGlobal
